GEM
  remote: https://rubygems.org/
  specs:
    addressable (2.3.7)
    domain_name (0.5.20190701)
      unf (>= 0.0.5, < 1.0.0)
    formatador (0.2.5)
    http (4.1.1)
      addressable (~> 2.3)
      http-cookie (~> 1.0)
      http-form_data (~> 2.0)
      http_parser.rb (~> 0.6.0)
    http-cookie (1.0.3)
      domain_name (~> 0.5)
    http-form_data (2.1.1)
    http_parser.rb (0.6.0)
    unf (0.1.4)
      unf_ext
    unf_ext (0.0.7.6)

PLATFORMS
  ruby

DEPENDENCIES
  formatador (~> 0.2.5)
  http (~> 4.1, >= 4.1.1)

BUNDLED WITH
   2.0.1
